// !$*UTF8*$!
{
	archiveVersion = 1;
	classes = {
	};
	objectVersion = 46;
	objects = {

/* Begin PBXBuildFile section */
		40AE65ED1D01395A007A230F /* AppDelegate.swift in Sources */ = {isa = PBXBuildFile; fileRef = 40AE65EC1D01395A007A230F /* AppDelegate.swift */; };
		40AE65EF1D01395A007A230F /* ViewController.swift in Sources */ = {isa = PBXBuildFile; fileRef = 40AE65EE1D01395A007A230F /* ViewController.swift */; };
		40AE65F21D01395A007A230F /* Main.storyboard in Resources */ = {isa = PBXBuildFile; fileRef = 40AE65F01D01395A007A230F /* Main.storyboard */; };
		40AE65F41D01395A007A230F /* Assets.xcassets in Resources */ = {isa = PBXBuildFile; fileRef = 40AE65F31D01395A007A230F /* Assets.xcassets */; };
		40AE65F71D01395A007A230F /* LaunchScreen.storyboard in Resources */ = {isa = PBXBuildFile; fileRef = 40AE65F51D01395A007A230F /* LaunchScreen.storyboard */; };
		40AE66021D01395A007A230F /* supercoolTests.swift in Sources */ = {isa = PBXBuildFile; fileRef = 40AE66011D01395A007A230F /* supercoolTests.swift */; };
		40AE660D1D01395A007A230F /* supercoolUITests.swift in Sources */ = {isa = PBXBuildFile; fileRef = 40AE660C1D01395A007A230F /* supercoolUITests.swift */; };
/* End PBXBuildFile section */

/* Begin PBXContainerItemProxy section */
		40AE65FE1D01395A007A230F /* PBXContainerItemProxy */ = {
			isa = PBXContainerItemProxy;
			containerPortal = 40AE65E11D01395A007A230F /* Project object */;
			proxyType = 1;
			remoteGlobalIDString = 40AE65E81D01395A007A230F;
			remoteInfo = supercool;
		};
		40AE66091D01395A007A230F /* PBXContainerItemProxy */ = {
			isa = PBXContainerItemProxy;
			containerPortal = 40AE65E11D01395A007A230F /* Project object */;
			proxyType = 1;
			remoteGlobalIDString = 40AE65E81D01395A007A230F;
			remoteInfo = supercool;
		};
/* End PBXContainerItemProxy section */

/* Begin PBXFileReference section */
		40AE65E91D01395A007A230F /* supercool.app */ = {isa = PBXFileReference; explicitFileType = wrapper.application; includeInIndex = 0; path = supercool.app; sourceTree = BUILT_PRODUCTS_DIR; };
		40AE65EC1D01395A007A230F /* AppDelegate.swift */ = {isa = PBXFileReference; lastKnownFileType = sourcecode.swift; path = AppDelegate.swift; sourceTree = "<group>"; };
		40AE65EE1D01395A007A230F /* ViewController.swift */ = {isa = PBXFileReference; lastKnownFileType = sourcecode.swift; path = ViewController.swift; sourceTree = "<group>"; };
		40AE65F11D01395A007A230F /* Base */ = {isa = PBXFileReference; lastKnownFileType = file.storyboard; name = Base; path = Base.lproj/Main.storyboard; sourceTree = "<group>"; };
		40AE65F31D01395A007A230F /* Assets.xcassets */ = {isa = PBXFileReference; lastKnownFileType = folder.assetcatalog; path = Assets.xcassets; sourceTree = "<group>"; };
		40AE65F61D01395A007A230F /* Base */ = {isa = PBXFileReference; lastKnownFileType = file.storyboard; name = Base; path = Base.lproj/LaunchScreen.storyboard; sourceTree = "<group>"; };
		40AE65F81D01395A007A230F /* Info.plist */ = {isa = PBXFileReference; lastKnownFileType = text.plist.xml; path = Info.plist; sourceTree = "<group>"; };
		40AE65FD1D01395A007A230F /* supercoolTests.xctest */ = {isa = PBXFileReference; explicitFileType = wrapper.cfbundle; includeInIndex = 0; path = supercoolTests.xctest; sourceTree = BUILT_PRODUCTS_DIR; };
		40AE66011D01395A007A230F /* supercoolTests.swift */ = {isa = PBXFileReference; lastKnownFileType = sourcecode.swift; path = supercoolTests.swift; sourceTree = "<group>"; };
		40AE66031D01395A007A230F /* Info.plist */ = {isa = PBXFileReference; lastKnownFileType = text.plist.xml; path = Info.plist; sourceTree = "<group>"; };
		40AE66081D01395A007A230F /* supercoolUITests.xctest */ = {isa = PBXFileReference; explicitFileType = wrapper.cfbundle; includeInIndex = 0; path = supercoolUITests.xctest; sourceTree = BUILT_PRODUCTS_DIR; };
		40AE660C1D01395A007A230F /* supercoolUITests.swift */ = {isa = PBXFileReference; lastKnownFileType = sourcecode.swift; path = supercoolUITests.swift; sourceTree = "<group>"; };
		40AE660E1D01395A007A230F /* Info.plist */ = {isa = PBXFileReference; lastKnownFileType = text.plist.xml; path = Info.plist; sourceTree = "<group>"; };
/* End PBXFileReference section */

/* Begin PBXFrameworksBuildPhase section */
		40AE65E61D01395A007A230F /* Frameworks */ = {
			isa = PBXFrameworksBuildPhase;
			buildActionMask = 2147483647;
			files = (
			);
			runOnlyForDeploymentPostprocessing = 0;
		};
		40AE65FA1D01395A007A230F /* Frameworks */ = {
			isa = PBXFrameworksBuildPhase;
			buildActionMask = 2147483647;
			files = (
			);
			runOnlyForDeploymentPostprocessing = 0;
		};
		40AE66051D01395A007A230F /* Frameworks */ = {
			isa = PBXFrameworksBuildPhase;
			buildActionMask = 2147483647;
			files = (
			);
			runOnlyForDeploymentPostprocessing = 0;
		};
/* End PBXFrameworksBuildPhase section */

/* Begin PBXGroup section */
		40AE65E01D01395A007A230F = {
			isa = PBXGroup;
			children = (
				40AE65EB1D01395A007A230F /* supercool */,
				40AE66001D01395A007A230F /* supercoolTests */,
				40AE660B1D01395A007A230F /* supercoolUITests */,
				40AE65EA1D01395A007A230F /* Products */,
			);
			sourceTree = "<group>";
		};
		40AE65EA1D01395A007A230F /* Products */ = {
			isa = PBXGroup;
			children = (
				40AE65E91D01395A007A230F /* supercool.app */,
				40AE65FD1D01395A007A230F /* supercoolTests.xctest */,
				40AE66081D01395A007A230F /* supercoolUITests.xctest */,
			);
			name = Products;
			sourceTree = "<group>";
		};
		40AE65EB1D01395A007A230F /* supercool */ = {
			isa = PBXGroup;
			children = (
				40AE65EC1D01395A007A230F /* AppDelegate.swift */,
				40AE65EE1D01395A007A230F /* ViewController.swift */,
				40AE65F01D01395A007A230F /* Main.storyboard */,
				40AE65F31D01395A007A230F /* Assets.xcassets */,
				40AE65F51D01395A007A230F /* LaunchScreen.storyboard */,
				40AE65F81D01395A007A230F /* Info.plist */,
			);
			path = supercool;
			sourceTree = "<group>";
		};
		40AE66001D01395A007A230F /* supercoolTests */ = {
			isa = PBXGroup;
			children = (
				40AE66011D01395A007A230F /* supercoolTests.swift */,
				40AE66031D01395A007A230F /* Info.plist */,
			);
			path = supercoolTests;
			sourceTree = "<group>";
		};
		40AE660B1D01395A007A230F /* supercoolUITests */ = {
			isa = PBXGroup;
			children = (
				40AE660C1D01395A007A230F /* supercoolUITests.swift */,
				40AE660E1D01395A007A230F /* Info.plist */,
			);
			path = supercoolUITests;
			sourceTree = "<group>";
		};
/* End PBXGroup section */

/* Begin PBXNativeTarget section */
		40AE65E81D01395A007A230F /* supercool */ = {
			isa = PBXNativeTarget;
			buildConfigurationList = 40AE66111D01395A007A230F /* Build configuration list for PBXNativeTarget "supercool" */;
			buildPhases = (
				40AE65E51D01395A007A230F /* Sources */,
				40AE65E61D01395A007A230F /* Frameworks */,
				40AE65E71D01395A007A230F /* Resources */,
			);
			buildRules = (
			);
			dependencies = (
			);
			name = supercool;
			productName = supercool;
			productReference = 40AE65E91D01395A007A230F /* supercool.app */;
			productType = "com.apple.product-type.application";
		};
		40AE65FC1D01395A007A230F /* supercoolTests */ = {
			isa = PBXNativeTarget;
			buildConfigurationList = 40AE66141D01395A007A230F /* Build configuration list for PBXNativeTarget "supercoolTests" */;
			buildPhases = (
				40AE65F91D01395A007A230F /* Sources */,
				40AE65FA1D01395A007A230F /* Frameworks */,
				40AE65FB1D01395A007A230F /* Resources */,
			);
			buildRules = (
			);
			dependencies = (
				40AE65FF1D01395A007A230F /* PBXTargetDependency */,
			);
			name = supercoolTests;
			productName = supercoolTests;
			productReference = 40AE65FD1D01395A007A230F /* supercoolTests.xctest */;
			productType = "com.apple.product-type.bundle.unit-test";
		};
		40AE66071D01395A007A230F /* supercoolUITests */ = {
			isa = PBXNativeTarget;
			buildConfigurationList = 40AE66171D01395A007A230F /* Build configuration list for PBXNativeTarget "supercoolUITests" */;
			buildPhases = (
				40AE66041D01395A007A230F /* Sources */,
				40AE66051D01395A007A230F /* Frameworks */,
				40AE66061D01395A007A230F /* Resources */,
			);
			buildRules = (
			);
			dependencies = (
				40AE660A1D01395A007A230F /* PBXTargetDependency */,
			);
			name = supercoolUITests;
			productName = supercoolUITests;
			productReference = 40AE66081D01395A007A230F /* supercoolUITests.xctest */;
			productType = "com.apple.product-type.bundle.ui-testing";
		};
/* End PBXNativeTarget section */

/* Begin PBXProject section */
		40AE65E11D01395A007A230F /* Project object */ = {
			isa = PBXProject;
			attributes = {
				LastSwiftUpdateCheck = 0730;
				LastUpgradeCheck = 0730;
				ORGANIZATIONNAME = "Mostafijur Rahaman";
				TargetAttributes = {
					40AE65E81D01395A007A230F = {
						CreatedOnToolsVersion = 7.3;
					};
					40AE65FC1D01395A007A230F = {
						CreatedOnToolsVersion = 7.3;
						TestTargetID = 40AE65E81D01395A007A230F;
					};
					40AE66071D01395A007A230F = {
						CreatedOnToolsVersion = 7.3;
						TestTargetID = 40AE65E81D01395A007A230F;
					};
				};
			};
			buildConfigurationList = 40AE65E41D01395A007A230F /* Build configuration list for PBXProject "supercool" */;
			compatibilityVersion = "Xcode 3.2";
			developmentRegion = English;
			hasScannedForEncodings = 0;
			knownRegions = (
				en,
				Base,
			);
			mainGroup = 40AE65E01D01395A007A230F;
			productRefGroup = 40AE65EA1D01395A007A230F /* Products */;
			projectDirPath = "";
			projectRoot = "";
			targets = (
				40AE65E81D01395A007A230F /* supercool */,
				40AE65FC1D01395A007A230F /* supercoolTests */,
				40AE66071D01395A007A230F /* supercoolUITests */,
			);
		};
/* End PBXProject section */

/* Begin PBXResourcesBuildPhase section */
		40AE65E71D01395A007A230F /* Resources */ = {
			isa = PBXResourcesBuildPhase;
			buildActionMask = 2147483647;
			files = (
				40AE65F71D01395A007A230F /* LaunchScreen.storyboard in Resources */,
				40AE65F41D01395A007A230F /* Assets.xcassets in Resources */,
				40AE65F21D01395A007A230F /* Main.storyboard in Resources */,
			);
			runOnlyForDeploymentPostprocessing = 0;
		};
		40AE65FB1D01395A007A230F /* Resources */ = {
			isa = PBXResourcesBuildPhase;
			buildActionMask = 2147483647;
			files = (
			);
			runOnlyForDeploymentPostprocessing = 0;
		};
		40AE66061D01395A007A230F /* Resources */ = {
			isa = PBXResourcesBuildPhase;
			buildActionMask = 2147483647;
			files = (
			);
			runOnlyForDeploymentPostprocessing = 0;
		};
/* End PBXResourcesBuildPhase section */

/* Begin PBXSourcesBuildPhase section */
		40AE65E51D01395A007A230F /* Sources */ = {
			isa = PBXSourcesBuildPhase;
			buildActionMask = 2147483647;
			files = (
				40AE65EF1D01395A007A230F /* ViewController.swift in Sources */,
				40AE65ED1D01395A007A230F /* AppDelegate.swift in Sources */,
			);
			runOnlyForDeploymentPostprocessing = 0;
		};
		40AE65F91D01395A007A230F /* Sources */ = {
			isa = PBXSourcesBuildPhase;
			buildActionMask = 2147483647;
			files = (
				40AE66021D01395A007A230F /* supercoolTests.swift in Sources */,
			);
			runOnlyForDeploymentPostprocessing = 0;
		};
		40AE66041D01395A007A230F /* Sources */ = {
			isa = PBXSourcesBuildPhase;
			buildActionMask = 2147483647;
			files = (
				40AE660D1D01395A007A230F /* supercoolUITests.swift in Sources */,
			);
			runOnlyForDeploymentPostprocessing = 0;
		};
/* End PBXSourcesBuildPhase section */

/* Begin PBXTargetDependency section */
		40AE65FF1D01395A007A230F /* PBXTargetDependency */ = {
			isa = PBXTargetDependency;
			target = 40AE65E81D01395A007A230F /* supercool */;
			targetProxy = 40AE65FE1D01395A007A230F /* PBXContainerItemProxy */;
		};
		40AE660A1D01395A007A230F /* PBXTargetDependency */ = {
			isa = PBXTargetDependency;
			target = 40AE65E81D01395A007A230F /* supercool */;
			targetProxy = 40AE66091D01395A007A230F /* PBXContainerItemProxy */;
		};
/* End PBXTargetDependency section */

/* Begin PBXVariantGroup section */
		40AE65F01D01395A007A230F /* Main.storyboard */ = {
			isa = PBXVariantGroup;
			children = (
				40AE65F11D01395A007A230F /* Base */,
			);
			name = Main.storyboard;
			sourceTree = "<group>";
		};
		40AE65F51D01395A007A230F /* LaunchScreen.storyboard */ = {
			isa = PBXVariantGroup;
			children = (
				40AE65F61D01395A007A230F /* Base */,
			);
			name = LaunchScreen.storyboard;
			sourceTree = "<group>";
		};
/* End PBXVariantGroup section */

/* Begin XCBuildConfiguration section */
		40AE660F1D01395A007A230F /* Debug */ = {
			isa = XCBuildConfiguration;
			buildSettings = {
				ALWAYS_SEARCH_USER_PATHS = NO;
				CLANG_ANALYZER_NONNULL = YES;
				CLANG_CXX_LANGUAGE_STANDARD = "gnu++0x";
				CLANG_CXX_LIBRARY = "libc++";
				CLANG_ENABLE_MODULES = YES;
				CLANG_ENABLE_OBJC_ARC = YES;
				CLANG_WARN_BOOL_CONVERSION = YES;
				CLANG_WARN_CONSTANT_CONVERSION = YES;
				CLANG_WARN_DIRECT_OBJC_ISA_USAGE = YES_ERROR;
				CLANG_WARN_EMPTY_BODY = YES;
				CLANG_WARN_ENUM_CONVERSION = YES;
				CLANG_WARN_INT_CONVERSION = YES;
				CLANG_WARN_OBJC_ROOT_CLASS = YES_ERROR;
				CLANG_WARN_UNREACHABLE_CODE = YES;
				CLANG_WARN__DUPLICATE_METHOD_MATCH = YES;
				"CODE_SIGN_IDENTITY[sdk=iphoneos*]" = "iPhone Developer";
				COPY_PHASE_STRIP = NO;
				DEBUG_INFORMATION_FORMAT = dwarf;
				ENABLE_STRICT_OBJC_MSGSEND = YES;
				ENABLE_TESTABILITY = YES;
				GCC_C_LANGUAGE_STANDARD = gnu99;
				GCC_DYNAMIC_NO_PIC = NO;
				GCC_NO_COMMON_BLOCKS = YES;
				GCC_OPTIMIZATION_LEVEL = 0;
				GCC_PREPROCESSOR_DEFINITIONS = (
					"DEBUG=1",
					"$(inherited)",
				);
				GCC_WARN_64_TO_32_BIT_CONVERSION = YES;
				GCC_WARN_ABOUT_RETURN_TYPE = YES_ERROR;
				GCC_WARN_UNDECLARED_SELECTOR = YES;
				GCC_WARN_UNINITIALIZED_AUTOS = YES_AGGRESSIVE;
				GCC_WARN_UNUSED_FUNCTION = YES;
				GCC_WARN_UNUSED_VARIABLE = YES;
				IPHONEOS_DEPLOYMENT_TARGET = 9.3;
				MTL_ENABLE_DEBUG_INFO = YES;
				ONLY_ACTIVE_ARCH = YES;
				SDKROOT = iphoneos;
				SWIFT_OPTIMIZATION_LEVEL = "-Onone";
			};
			name = Debug;
		};
		40AE66101D01395A007A230F /* Release */ = {
			isa = XCBuildConfiguration;
			buildSettings = {
				ALWAYS_SEARCH_USER_PATHS = NO;
				CLANG_ANALYZER_NONNULL = YES;
				CLANG_CXX_LANGUAGE_STANDARD = "gnu++0x";
				CLANG_CXX_LIBRARY = "libc++";
				CLANG_ENABLE_MODULES = YES;
				CLANG_ENABLE_OBJC_ARC = YES;
				CLANG_WARN_BOOL_CONVERSION = YES;
				CLANG_WARN_CONSTANT_CONVERSION = YES;
				CLANG_WARN_DIRECT_OBJC_ISA_USAGE = YES_ERROR;
				CLANG_WARN_EMPTY_BODY = YES;
				CLANG_WARN_ENUM_CONVERSION = YES;
				CLANG_WARN_INT_CONVERSION = YES;
				CLANG_WARN_OBJC_ROOT_CLASS = YES_ERROR;
				CLANG_WARN_UNREACHABLE_CODE = YES;
				CLANG_WARN__DUPLICATE_METHOD_MATCH = YES;
				"CODE_SIGN_IDENTITY[sdk=iphoneos*]" = "iPhone Developer";
				COPY_PHASE_STRIP = NO;
				DEBUG_INFORMATION_FORMAT = "dwarf-with-dsym";
				ENABLE_NS_ASSERTIONS = NO;
				ENABLE_STRICT_OBJC_MSGSEND = YES;
				GCC_C_LANGUAGE_STANDARD = gnu99;
				GCC_NO_COMMON_BLOCKS = YES;
				GCC_WARN_64_TO_32_BIT_CONVERSION = YES;
				GCC_WARN_ABOUT_RETURN_TYPE = YES_ERROR;
				GCC_WARN_UNDECLARED_SELECTOR = YES;
				GCC_WARN_UNINITIALIZED_AUTOS = YES_AGGRESSIVE;
				GCC_WARN_UNUSED_FUNCTION = YES;
				GCC_WARN_UNUSED_VARIABLE = YES;
				IPHONEOS_DEPLOYMENT_TARGET = 9.3;
				MTL_ENABLE_DEBUG_INFO = NO;
				SDKROOT = iphoneos;
				VALIDATE_PRODUCT = YES;
			};
			name = Release;
		};
		40AE66121D01395A007A230F /* Debug */ = {
			isa = XCBuildConfiguration;
			buildSettings = {
				ASSETCATALOG_COMPILER_APPICON_NAME = AppIcon;
				INFOPLIST_FILE = supercool/Info.plist;
				LD_RUNPATH_SEARCH_PATHS = "$(inherited) @executable_path/Frameworks";
				PRODUCT_BUNDLE_IDENTIFIER = net.blindcoder.supercool;
				PRODUCT_NAME = "$(TARGET_NAME)";
			};
			name = Debug;
		};
		40AE66131D01395A007A230F /* Release */ = {
			isa = XCBuildConfiguration;
			buildSettings = {
				ASSETCATALOG_COMPILER_APPICON_NAME = AppIcon;
				INFOPLIST_FILE = supercool/Info.plist;
				LD_RUNPATH_SEARCH_PATHS = "$(inherited) @executable_path/Frameworks";
				PRODUCT_BUNDLE_IDENTIFIER = net.blindcoder.supercool;
				PRODUCT_NAME = "$(TARGET_NAME)";
			};
			name = Release;
		};
		40AE66151D01395A007A230F /* Debug */ = {
			isa = XCBuildConfiguration;
			buildSettings = {
				BUNDLE_LOADER = "$(TEST_HOST)";
				INFOPLIST_FILE = supercoolTests/Info.plist;
				LD_RUNPATH_SEARCH_PATHS = "$(inherited) @executable_path/Frameworks @loader_path/Frameworks";
				PRODUCT_BUNDLE_IDENTIFIER = net.blindcoder.supercoolTests;
				PRODUCT_NAME = "$(TARGET_NAME)";
				TEST_HOST = "$(BUILT_PRODUCTS_DIR)/supercool.app/supercool";
			};
			name = Debug;
		};
		40AE66161D01395A007A230F /* Release */ = {
			isa = XCBuildConfiguration;
			buildSettings = {
				BUNDLE_LOADER = "$(TEST_HOST)";
				INFOPLIST_FILE = supercoolTests/Info.plist;
				LD_RUNPATH_SEARCH_PATHS = "$(inherited) @executable_path/Frameworks @loader_path/Frameworks";
				PRODUCT_BUNDLE_IDENTIFIER = net.blindcoder.supercoolTests;
				PRODUCT_NAME = "$(TARGET_NAME)";
				TEST_HOST = "$(BUILT_PRODUCTS_DIR)/supercool.app/supercool";
			};
			name = Release;
		};
		40AE66181D01395A007A230F /* Debug */ = {
			isa = XCBuildConfiguration;
			buildSettings = {
				INFOPLIST_FILE = supercoolUITests/Info.plist;
				LD_RUNPATH_SEARCH_PATHS = "$(inherited) @executable_path/Frameworks @loader_path/Frameworks";
				PRODUCT_BUNDLE_IDENTIFIER = net.blindcoder.supercoolUITests;
				PRODUCT_NAME = "$(TARGET_NAME)";
				TEST_TARGET_NAME = supercool;
			};
			name = Debug;
		};
		40AE66191D01395A007A230F /* Release */ = {
			isa = XCBuildConfiguration;
			buildSettings = {
				INFOPLIST_FILE = supercoolUITests/Info.plist;
				LD_RUNPATH_SEARCH_PATHS = "$(inherited) @executable_path/Frameworks @loader_path/Frameworks";
				PRODUCT_BUNDLE_IDENTIFIER = net.blindcoder.supercoolUITests;
				PRODUCT_NAME = "$(TARGET_NAME)";
				TEST_TARGET_NAME = supercool;
			};
			name = Release;
		};
/* End XCBuildConfiguration section */

/* Begin XCConfigurationList section */
		40AE65E41D01395A007A230F /* Build configuration list for PBXProject "supercool" */ = {
			isa = XCConfigurationList;
			buildConfigurations = (
				40AE660F1D01395A007A230F /* Debug */,
				40AE66101D01395A007A230F /* Release */,
			);
			defaultConfigurationIsVisible = 0;
			defaultConfigurationName = Release;
		};
		40AE66111D01395A007A230F /* Build configuration list for PBXNativeTarget "supercool" */ = {
			isa = XCConfigurationList;
			buildConfigurations = (
				40AE66121D01395A007A230F /* Debug */,
				40AE66131D01395A007A230F /* Release */,
			);
			defaultConfigurationIsVisible = 0;
		};
		40AE66141D01395A007A230F /* Build configuration list for PBXNativeTarget "supercoolTests" */ = {
			isa = XCConfigurationList;
			buildConfigurations = (
				40AE66151D01395A007A230F /* Debug */,
				40AE66161D01395A007A230F /* Release */,
			);
			defaultConfigurationIsVisible = 0;
		};
		40AE66171D01395A007A230F /* Build configuration list for PBXNativeTarget "supercoolUITests" */ = {
			isa = XCConfigurationList;
			buildConfigurations = (
				40AE66181D01395A007A230F /* Debug */,
				40AE66191D01395A007A230F /* Release */,
			);
			defaultConfigurationIsVisible = 0;
		};
/* End XCConfigurationList section */
	};
	rootObject = 40AE65E11D01395A007A230F /* Project object */;
}
